
Microsoft Visual Studio Solution File, Format Version 12.00
# Visual Studio Version 16
VisualStudioVersion = 16.0.30709.132
MinimumVisualStudioVersion = 10.0.40219.1
Project("{FAE04EC0-301F-11D3-BF4B-00C04F79EFBC}") = "View", "FrmLogin\View.csproj", "{BBEC71A4-03C9-4AC2-9DD9-C4D1088CE8B5}"
EndProject
Project("{FAE04EC0-301F-11D3-BF4B-00C04F79EFBC}") = "Domain", "Domain\Domain.csproj", "{0D51A52D-0971-4626-89A2-2CC100A5EB0B}"
EndProject
Project("{FAE04EC0-301F-11D3-BF4B-00C04F79EFBC}") = "Controller", "Controller\Controller.csproj", "{8415A03B-E676-4BC2-86CD-0485EEED1EB9}"
EndProject
Project("{FAE04EC0-301F-11D3-BF4B-00C04F79EFBC}") = "Storage", "Storage\Storage.csproj", "{5ECE7979-59FD-4C10-8D42-815B56EB4DCB}"
EndProject
Project("{FAE04EC0-301F-11D3-BF4B-00C04F79EFBC}") = "DatabaseBroker", "DatabaseBroker\DatabaseBroker.csproj", "{32EF6070-D81A-4476-896B-9C5891CB9149}"
EndProject
Project("{FAE04EC0-301F-11D3-BF4B-00C04F79EFBC}") = "ProbaUnosaBaze", "ProbaUnosaBaze\ProbaUnosaBaze.csproj", "{AF1CCA11-0235-411E-89CD-23A7FDC7251B}"
EndProject
Project("{FAE04EC0-301F-11D3-BF4B-00C04F79EFBC}") = "Common", "Common\Common.csproj", "{E5C55A45-2298-44EA-B89B-FA3A8F787E51}"
EndProject
Project("{FAE04EC0-301F-11D3-BF4B-00C04F79EFBC}") = "Server", "Server\Server.csproj", "{AC194D38-574F-483F-B484-CC52990F77D4}"
EndProject
Global
	GlobalSection(SolutionConfigurationPlatforms) = preSolution
		Debug|Any CPU = Debug|Any CPU
		Release|Any CPU = Release|Any CPU
	EndGlobalSection
	GlobalSection(ProjectConfigurationPlatforms) = postSolution
		{BBEC71A4-03C9-4AC2-9DD9-C4D1088CE8B5}.Debug|Any CPU.ActiveCfg = Debug|Any CPU
		{BBEC71A4-03C9-4AC2-9DD9-C4D1088CE8B5}.Debug|Any CPU.Build.0 = Debug|Any CPU
		{BBEC71A4-03C9-4AC2-9DD9-C4D1088CE8B5}.Release|Any CPU.ActiveCfg = Release|Any CPU
		{BBEC71A4-03C9-4AC2-9DD9-C4D1088CE8B5}.Release|Any CPU.Build.0 = Release|Any CPU
		{0D51A52D-0971-4626-89A2-2CC100A5EB0B}.Debug|Any CPU.ActiveCfg = Debug|Any CPU
		{0D51A52D-0971-4626-89A2-2CC100A5EB0B}.Debug|Any CPU.Build.0 = Debug|Any CPU
		{0D51A52D-0971-4626-89A2-2CC100A5EB0B}.Release|Any CPU.ActiveCfg = Release|Any CPU
		{0D51A52D-0971-4626-89A2-2CC100A5EB0B}.Release|Any CPU.Build.0 = Release|Any CPU
		{8415A03B-E676-4BC2-86CD-0485EEED1EB9}.Debug|Any CPU.ActiveCfg = Debug|Any CPU
		{8415A03B-E676-4BC2-86CD-0485EEED1EB9}.Debug|Any CPU.Build.0 = Debug|Any CPU
		{8415A03B-E676-4BC2-86CD-0485EEED1EB9}.Release|Any CPU.ActiveCfg = Release|Any CPU
		{8415A03B-E676-4BC2-86CD-0485EEED1EB9}.Release|Any CPU.Build.0 = Release|Any CPU
		{5ECE7979-59FD-4C10-8D42-815B56EB4DCB}.Debug|Any CPU.ActiveCfg = Debug|Any CPU
		{5ECE7979-59FD-4C10-8D42-815B56EB4DCB}.Debug|Any CPU.Build.0 = Debug|Any CPU
		{5ECE7979-59FD-4C10-8D42-815B56EB4DCB}.Release|Any CPU.ActiveCfg = Release|Any CPU
		{5ECE7979-59FD-4C10-8D42-815B56EB4DCB}.Release|Any CPU.Build.0 = Release|Any CPU
		{32EF6070-D81A-4476-896B-9C5891CB9149}.Debug|Any CPU.ActiveCfg = Debug|Any CPU
		{32EF6070-D81A-4476-896B-9C5891CB9149}.Debug|Any CPU.Build.0 = Debug|Any CPU
		{32EF6070-D81A-4476-896B-9C5891CB9149}.Release|Any CPU.ActiveCfg = Release|Any CPU
		{32EF6070-D81A-4476-896B-9C5891CB9149}.Release|Any CPU.Build.0 = Release|Any CPU
		{AF1CCA11-0235-411E-89CD-23A7FDC7251B}.Debug|Any CPU.ActiveCfg = Debug|Any CPU
		{AF1CCA11-0235-411E-89CD-23A7FDC7251B}.Debug|Any CPU.Build.0 = Debug|Any CPU
		{AF1CCA11-0235-411E-89CD-23A7FDC7251B}.Release|Any CPU.ActiveCfg = Release|Any CPU
		{AF1CCA11-0235-411E-89CD-23A7FDC7251B}.Release|Any CPU.Build.0 = Release|Any CPU
		{E5C55A45-2298-44EA-B89B-FA3A8F787E51}.Debug|Any CPU.ActiveCfg = Debug|Any CPU
		{E5C55A45-2298-44EA-B89B-FA3A8F787E51}.Debug|Any CPU.Build.0 = Debug|Any CPU
		{E5C55A45-2298-44EA-B89B-FA3A8F787E51}.Release|Any CPU.ActiveCfg = Release|Any CPU
		{E5C55A45-2298-44EA-B89B-FA3A8F787E51}.Release|Any CPU.Build.0 = Release|Any CPU
		{AC194D38-574F-483F-B484-CC52990F77D4}.Debug|Any CPU.ActiveCfg = Debug|Any CPU
		{AC194D38-574F-483F-B484-CC52990F77D4}.Debug|Any CPU.Build.0 = Debug|Any CPU
		{AC194D38-574F-483F-B484-CC52990F77D4}.Release|Any CPU.ActiveCfg = Release|Any CPU
		{AC194D38-574F-483F-B484-CC52990F77D4}.Release|Any CPU.Build.0 = Release|Any CPU
	EndGlobalSection
	GlobalSection(SolutionProperties) = preSolution
		HideSolutionNode = FALSE
	EndGlobalSection
	GlobalSection(ExtensibilityGlobals) = postSolution
		SolutionGuid = {178A2AE6-0C49-42C4-81C8-42377756F959}
	EndGlobalSection
EndGlobal
